// !$*UTF8*$!
{
	archiveVersion = 1;
	classes = {
	};
	objectVersion = 51;
	objects = {

/* Begin PBXBuildFile section */
		1E396DC525FB4C26008E2122 /* NSImage+Extension.swift in Sources */ = {isa = PBXBuildFile; fileRef = 1E396DC425FB4C26008E2122 /* NSImage+Extension.swift */; };
		1E5B4D0825FB779900092422 /* Main.storyboard in Resources */ = {isa = PBXBuildFile; fileRef = 1E5B4D0725FB779900092422 /* Main.storyboard */; };
		1E5B4D6A25FBFE4B00092422 /* Cocoa.framework in Frameworks */ = {isa = PBXBuildFile; fileRef = 1E5B4D6925FBFE4B00092422 /* Cocoa.framework */; };
		1E5B4DD025FC0C9900092422 /* WhilomCommands.swift in Sources */ = {isa = PBXBuildFile; fileRef = 1E5B4DCF25FC0C9900092422 /* WhilomCommands.swift */; };
		1E5B4DD625FC0DBF00092422 /* String+Extension.swift in Sources */ = {isa = PBXBuildFile; fileRef = 1E5B4DD525FC0DBF00092422 /* String+Extension.swift */; };
		1EE4E20E24F97E240097C32C /* AppDelegate.swift in Sources */ = {isa = PBXBuildFile; fileRef = 1EE4E20D24F97E240097C32C /* AppDelegate.swift */; };
		1EE4E21224F97E250097C32C /* Assets.xcassets in Resources */ = {isa = PBXBuildFile; fileRef = 1EE4E21124F97E250097C32C /* Assets.xcassets */; };
		44D792C2659C18F2BC797497 /* Pods_whilom.framework in Frameworks */ = {isa = PBXBuildFile; fileRef = EBDE10C60B6F6B82DEB7E8EA /* Pods_whilom.framework */; };
/* End PBXBuildFile section */

/* Begin PBXCopyFilesBuildPhase section */
		1E5B4D3625FBFC4000092422 /* Embed XPC Services */ = {
			isa = PBXCopyFilesBuildPhase;
			buildActionMask = 2147483647;
			dstPath = "$(CONTENTS_FOLDER_PATH)/XPCServices";
			dstSubfolderSpec = 16;
			files = (
			);
			name = "Embed XPC Services";
			runOnlyForDeploymentPostprocessing = 0;
		};
		1E5B4D6E25FBFE9100092422 /* CopyFiles */ = {
			isa = PBXCopyFilesBuildPhase;
			buildActionMask = 2147483647;
			dstPath = Contents/Library/LaunchServices;
			dstSubfolderSpec = 1;
			files = (
			);
			runOnlyForDeploymentPostprocessing = 0;
		};
/* End PBXCopyFilesBuildPhase section */

/* Begin PBXFileReference section */
		17C626664C821F312A6EBD7E /* Pods-whilom.debug.xcconfig */ = {isa = PBXFileReference; includeInIndex = 1; lastKnownFileType = text.xcconfig; name = "Pods-whilom.debug.xcconfig"; path = "Target Support Files/Pods-whilom/Pods-whilom.debug.xcconfig"; sourceTree = "<group>"; };
		1E2FA93525FB12FE00D7D123 /* whilom.entitlements */ = {isa = PBXFileReference; lastKnownFileType = text.plist.entitlements; path = whilom.entitlements; sourceTree = "<group>"; };
		1E396DB025FB138C008E2122 /* whilomDebug.entitlements */ = {isa = PBXFileReference; lastKnownFileType = text.plist.entitlements; path = whilomDebug.entitlements; sourceTree = "<group>"; };
		1E396DC425FB4C26008E2122 /* NSImage+Extension.swift */ = {isa = PBXFileReference; lastKnownFileType = sourcecode.swift; path = "NSImage+Extension.swift"; sourceTree = "<group>"; };
		1E5B4CFE25FB74D700092422 /* whilom-Bridging-Header.h */ = {isa = PBXFileReference; lastKnownFileType = sourcecode.c.h; path = "whilom-Bridging-Header.h"; sourceTree = "<group>"; };
		1E5B4D0725FB779900092422 /* Main.storyboard */ = {isa = PBXFileReference; fileEncoding = 4; lastKnownFileType = file.storyboard; path = Main.storyboard; sourceTree = "<group>"; };
		1E5B4D1025FBFA4800092422 /* ServiceManagement.framework */ = {isa = PBXFileReference; lastKnownFileType = wrapper.framework; name = ServiceManagement.framework; path = System/Library/Frameworks/ServiceManagement.framework; sourceTree = SDKROOT; };
		1E5B4D3925FBFC5A00092422 /* Foundation.framework */ = {isa = PBXFileReference; lastKnownFileType = wrapper.framework; name = Foundation.framework; path = System/Library/Frameworks/Foundation.framework; sourceTree = SDKROOT; };
		1E5B4D3B25FBFC5E00092422 /* Security.framework */ = {isa = PBXFileReference; lastKnownFileType = wrapper.framework; name = Security.framework; path = System/Library/Frameworks/Security.framework; sourceTree = SDKROOT; };
		1E5B4D6925FBFE4B00092422 /* Cocoa.framework */ = {isa = PBXFileReference; lastKnownFileType = wrapper.framework; name = Cocoa.framework; path = System/Library/Frameworks/Cocoa.framework; sourceTree = SDKROOT; };
		1E5B4DCF25FC0C9900092422 /* WhilomCommands.swift */ = {isa = PBXFileReference; lastKnownFileType = sourcecode.swift; path = WhilomCommands.swift; sourceTree = "<group>"; };
		1E5B4DD525FC0DBF00092422 /* String+Extension.swift */ = {isa = PBXFileReference; lastKnownFileType = sourcecode.swift; path = "String+Extension.swift"; sourceTree = "<group>"; };
		1EE4E20A24F97E240097C32C /* whilom.app */ = {isa = PBXFileReference; explicitFileType = wrapper.application; includeInIndex = 0; path = whilom.app; sourceTree = BUILT_PRODUCTS_DIR; };
		1EE4E20D24F97E240097C32C /* AppDelegate.swift */ = {isa = PBXFileReference; lastKnownFileType = sourcecode.swift; path = AppDelegate.swift; sourceTree = "<group>"; };
		1EE4E21124F97E250097C32C /* Assets.xcassets */ = {isa = PBXFileReference; lastKnownFileType = folder.assetcatalog; path = Assets.xcassets; sourceTree = "<group>"; };
		1EE4E21624F97E250097C32C /* Info.plist */ = {isa = PBXFileReference; lastKnownFileType = text.plist.xml; path = Info.plist; sourceTree = "<group>"; };
		CEC421078094E8700F43471C /* Pods-whilom.release.xcconfig */ = {isa = PBXFileReference; includeInIndex = 1; lastKnownFileType = text.xcconfig; name = "Pods-whilom.release.xcconfig"; path = "Target Support Files/Pods-whilom/Pods-whilom.release.xcconfig"; sourceTree = "<group>"; };
		EBDE10C60B6F6B82DEB7E8EA /* Pods_whilom.framework */ = {isa = PBXFileReference; explicitFileType = wrapper.framework; includeInIndex = 0; path = Pods_whilom.framework; sourceTree = BUILT_PRODUCTS_DIR; };
/* End PBXFileReference section */

/* Begin PBXFrameworksBuildPhase section */
		1EE4E20724F97E240097C32C /* Frameworks */ = {
			isa = PBXFrameworksBuildPhase;
			buildActionMask = 2147483647;
			files = (
				1E5B4D6A25FBFE4B00092422 /* Cocoa.framework in Frameworks */,
				44D792C2659C18F2BC797497 /* Pods_whilom.framework in Frameworks */,
			);
			runOnlyForDeploymentPostprocessing = 0;
		};
/* End PBXFrameworksBuildPhase section */

/* Begin PBXGroup section */
		1E5B4D0F25FBFA4800092422 /* Frameworks */ = {
			isa = PBXGroup;
			children = (
				1E5B4D6925FBFE4B00092422 /* Cocoa.framework */,
				1E5B4D3B25FBFC5E00092422 /* Security.framework */,
				1E5B4D3925FBFC5A00092422 /* Foundation.framework */,
				1E5B4D1025FBFA4800092422 /* ServiceManagement.framework */,
				EBDE10C60B6F6B82DEB7E8EA /* Pods_whilom.framework */,
			);
			name = Frameworks;
			sourceTree = "<group>";
		};
		1EE4E20124F97E240097C32C = {
			isa = PBXGroup;
			children = (
				1EE4E20C24F97E240097C32C /* whilom */,
				1EE4E20B24F97E240097C32C /* Products */,
				1E5B4D0F25FBFA4800092422 /* Frameworks */,
				7C396907B77AC28BF3B4229B /* Pods */,
			);
			sourceTree = "<group>";
		};
		1EE4E20B24F97E240097C32C /* Products */ = {
			isa = PBXGroup;
			children = (
				1EE4E20A24F97E240097C32C /* whilom.app */,
			);
			name = Products;
			sourceTree = "<group>";
		};
		1EE4E20C24F97E240097C32C /* whilom */ = {
			isa = PBXGroup;
			children = (
				1EE4E20D24F97E240097C32C /* AppDelegate.swift */,
				1E5B4DCF25FC0C9900092422 /* WhilomCommands.swift */,
				1E396DC425FB4C26008E2122 /* NSImage+Extension.swift */,
				1E5B4DD525FC0DBF00092422 /* String+Extension.swift */,
				1E5B4CFE25FB74D700092422 /* whilom-Bridging-Header.h */,
				1E396DB025FB138C008E2122 /* whilomDebug.entitlements */,
				1E2FA93525FB12FE00D7D123 /* whilom.entitlements */,
				1E5B4D0725FB779900092422 /* Main.storyboard */,
				1EE4E21124F97E250097C32C /* Assets.xcassets */,
				1EE4E21624F97E250097C32C /* Info.plist */,
			);
			path = whilom;
			sourceTree = "<group>";
		};
		7C396907B77AC28BF3B4229B /* Pods */ = {
			isa = PBXGroup;
			children = (
				17C626664C821F312A6EBD7E /* Pods-whilom.debug.xcconfig */,
				CEC421078094E8700F43471C /* Pods-whilom.release.xcconfig */,
			);
			path = Pods;
			sourceTree = "<group>";
		};
/* End PBXGroup section */

/* Begin PBXNativeTarget section */
		1EE4E20924F97E240097C32C /* whilom */ = {
			isa = PBXNativeTarget;
			buildConfigurationList = 1EE4E21A24F97E250097C32C /* Build configuration list for PBXNativeTarget "whilom" */;
			buildPhases = (
				E9B73EDF5DF025E13C08DD68 /* [CP] Check Pods Manifest.lock */,
				1EE4E20624F97E240097C32C /* Sources */,
				1EE4E20724F97E240097C32C /* Frameworks */,
				1EE4E20824F97E240097C32C /* Resources */,
				1E5B4D3625FBFC4000092422 /* Embed XPC Services */,
				1E5B4D6E25FBFE9100092422 /* CopyFiles */,
				11C8FC862EE7920B082FCAE7 /* [CP] Embed Pods Frameworks */,
			);
			buildRules = (
			);
			dependencies = (
			);
			name = whilom;
			productName = keysmith;
			productReference = 1EE4E20A24F97E240097C32C /* whilom.app */;
			productType = "com.apple.product-type.application";
		};
/* End PBXNativeTarget section */

/* Begin PBXProject section */
		1EE4E20224F97E240097C32C /* Project object */ = {
			isa = PBXProject;
			attributes = {
				LastSwiftUpdateCheck = 1240;
				LastUpgradeCheck = 1240;
				ORGANIZATIONNAME = "Julian Weiss";
				TargetAttributes = {
					1EE4E20924F97E240097C32C = {
						CreatedOnToolsVersion = 11.6;
						LastSwiftMigration = 1240;
					};
				};
			};
			buildConfigurationList = 1EE4E20524F97E240097C32C /* Build configuration list for PBXProject "whilom" */;
			compatibilityVersion = "Xcode 9.3";
			developmentRegion = en;
			hasScannedForEncodings = 0;
			knownRegions = (
				en,
				Base,
			);
			mainGroup = 1EE4E20124F97E240097C32C;
			productRefGroup = 1EE4E20B24F97E240097C32C /* Products */;
			projectDirPath = "";
			projectRoot = "";
			targets = (
				1EE4E20924F97E240097C32C /* whilom */,
			);
		};
/* End PBXProject section */

/* Begin PBXResourcesBuildPhase section */
		1EE4E20824F97E240097C32C /* Resources */ = {
			isa = PBXResourcesBuildPhase;
			buildActionMask = 2147483647;
			files = (
				1EE4E21224F97E250097C32C /* Assets.xcassets in Resources */,
				1E5B4D0825FB779900092422 /* Main.storyboard in Resources */,
			);
			runOnlyForDeploymentPostprocessing = 0;
		};
/* End PBXResourcesBuildPhase section */

/* Begin PBXShellScriptBuildPhase section */
		11C8FC862EE7920B082FCAE7 /* [CP] Embed Pods Frameworks */ = {
			isa = PBXShellScriptBuildPhase;
			buildActionMask = 2147483647;
			files = (
			);
			inputFileListPaths = (
				"${PODS_ROOT}/Target Support Files/Pods-whilom/Pods-whilom-frameworks-${CONFIGURATION}-input-files.xcfilelist",
			);
			name = "[CP] Embed Pods Frameworks";
			outputFileListPaths = (
				"${PODS_ROOT}/Target Support Files/Pods-whilom/Pods-whilom-frameworks-${CONFIGURATION}-output-files.xcfilelist",
			);
			runOnlyForDeploymentPostprocessing = 0;
			shellPath = /bin/sh;
			shellScript = "\"${PODS_ROOT}/Target Support Files/Pods-whilom/Pods-whilom-frameworks.sh\"\n";
			showEnvVarsInLog = 0;
		};
		E9B73EDF5DF025E13C08DD68 /* [CP] Check Pods Manifest.lock */ = {
			isa = PBXShellScriptBuildPhase;
			buildActionMask = 2147483647;
			files = (
			);
			inputFileListPaths = (
			);
			inputPaths = (
				"${PODS_PODFILE_DIR_PATH}/Podfile.lock",
				"${PODS_ROOT}/Manifest.lock",
			);
			name = "[CP] Check Pods Manifest.lock";
			outputFileListPaths = (
			);
			outputPaths = (
				"$(DERIVED_FILE_DIR)/Pods-whilom-checkManifestLockResult.txt",
			);
			runOnlyForDeploymentPostprocessing = 0;
			shellPath = /bin/sh;
			shellScript = "diff \"${PODS_PODFILE_DIR_PATH}/Podfile.lock\" \"${PODS_ROOT}/Manifest.lock\" > /dev/null\nif [ $? != 0 ] ; then\n    # print error to STDERR\n    echo \"error: The sandbox is not in sync with the Podfile.lock. Run 'pod install' or update your CocoaPods installation.\" >&2\n    exit 1\nfi\n# This output is used by Xcode 'outputs' to avoid re-running this script phase.\necho \"SUCCESS\" > \"${SCRIPT_OUTPUT_FILE_0}\"\n";
			showEnvVarsInLog = 0;
		};
/* End PBXShellScriptBuildPhase section */

/* Begin PBXSourcesBuildPhase section */
		1EE4E20624F97E240097C32C /* Sources */ = {
			isa = PBXSourcesBuildPhase;
			buildActionMask = 2147483647;
			files = (
				1E5B4DD625FC0DBF00092422 /* String+Extension.swift in Sources */,
				1EE4E20E24F97E240097C32C /* AppDelegate.swift in Sources */,
				1E396DC525FB4C26008E2122 /* NSImage+Extension.swift in Sources */,
				1E5B4DD025FC0C9900092422 /* WhilomCommands.swift in Sources */,
			);
			runOnlyForDeploymentPostprocessing = 0;
		};
/* End PBXSourcesBuildPhase section */

/* Begin XCBuildConfiguration section */
		1EE4E21824F97E250097C32C /* Debug */ = {
			isa = XCBuildConfiguration;
			buildSettings = {
				ALWAYS_SEARCH_USER_PATHS = NO;
				CLANG_ANALYZER_NONNULL = YES;
				CLANG_ANALYZER_NUMBER_OBJECT_CONVERSION = YES_AGGRESSIVE;
				CLANG_CXX_LANGUAGE_STANDARD = "gnu++14";
				CLANG_CXX_LIBRARY = "libc++";
				CLANG_ENABLE_MODULES = YES;
				CLANG_ENABLE_OBJC_ARC = YES;
				CLANG_ENABLE_OBJC_WEAK = YES;
				CLANG_WARN_BLOCK_CAPTURE_AUTORELEASING = YES;
				CLANG_WARN_BOOL_CONVERSION = YES;
				CLANG_WARN_COMMA = YES;
				CLANG_WARN_CONSTANT_CONVERSION = YES;
				CLANG_WARN_DEPRECATED_OBJC_IMPLEMENTATIONS = YES;
				CLANG_WARN_DIRECT_OBJC_ISA_USAGE = YES_ERROR;
				CLANG_WARN_DOCUMENTATION_COMMENTS = YES;
				CLANG_WARN_EMPTY_BODY = YES;
				CLANG_WARN_ENUM_CONVERSION = YES;
				CLANG_WARN_INFINITE_RECURSION = YES;
				CLANG_WARN_INT_CONVERSION = YES;
				CLANG_WARN_NON_LITERAL_NULL_CONVERSION = YES;
				CLANG_WARN_OBJC_IMPLICIT_RETAIN_SELF = YES;
				CLANG_WARN_OBJC_LITERAL_CONVERSION = YES;
				CLANG_WARN_OBJC_ROOT_CLASS = YES_ERROR;
				CLANG_WARN_QUOTED_INCLUDE_IN_FRAMEWORK_HEADER = YES;
				CLANG_WARN_RANGE_LOOP_ANALYSIS = YES;
				CLANG_WARN_STRICT_PROTOTYPES = YES;
				CLANG_WARN_SUSPICIOUS_MOVE = YES;
				CLANG_WARN_UNGUARDED_AVAILABILITY = YES_AGGRESSIVE;
				CLANG_WARN_UNREACHABLE_CODE = YES;
				CLANG_WARN__DUPLICATE_METHOD_MATCH = YES;
				COPY_PHASE_STRIP = NO;
				DEBUG_INFORMATION_FORMAT = dwarf;
				ENABLE_STRICT_OBJC_MSGSEND = YES;
				ENABLE_TESTABILITY = YES;
				GCC_C_LANGUAGE_STANDARD = gnu11;
				GCC_DYNAMIC_NO_PIC = NO;
				GCC_NO_COMMON_BLOCKS = YES;
				GCC_OPTIMIZATION_LEVEL = 0;
				GCC_PREPROCESSOR_DEFINITIONS = (
					"DEBUG=1",
					"$(inherited)",
				);
				GCC_WARN_64_TO_32_BIT_CONVERSION = YES;
				GCC_WARN_ABOUT_RETURN_TYPE = YES_ERROR;
				GCC_WARN_UNDECLARED_SELECTOR = YES;
				GCC_WARN_UNINITIALIZED_AUTOS = YES_AGGRESSIVE;
				GCC_WARN_UNUSED_FUNCTION = YES;
				GCC_WARN_UNUSED_VARIABLE = YES;
				MACOSX_DEPLOYMENT_TARGET = 10.15;
				MTL_ENABLE_DEBUG_INFO = INCLUDE_SOURCE;
				MTL_FAST_MATH = YES;
				ONLY_ACTIVE_ARCH = YES;
				SDKROOT = macosx;
				SWIFT_ACTIVE_COMPILATION_CONDITIONS = DEBUG;
				SWIFT_OPTIMIZATION_LEVEL = "-Onone";
			};
			name = Debug;
		};
		1EE4E21924F97E250097C32C /* Release */ = {
			isa = XCBuildConfiguration;
			buildSettings = {
				ALWAYS_SEARCH_USER_PATHS = NO;
				CLANG_ANALYZER_NONNULL = YES;
				CLANG_ANALYZER_NUMBER_OBJECT_CONVERSION = YES_AGGRESSIVE;
				CLANG_CXX_LANGUAGE_STANDARD = "gnu++14";
				CLANG_CXX_LIBRARY = "libc++";
				CLANG_ENABLE_MODULES = YES;
				CLANG_ENABLE_OBJC_ARC = YES;
				CLANG_ENABLE_OBJC_WEAK = YES;
				CLANG_WARN_BLOCK_CAPTURE_AUTORELEASING = YES;
				CLANG_WARN_BOOL_CONVERSION = YES;
				CLANG_WARN_COMMA = YES;
				CLANG_WARN_CONSTANT_CONVERSION = YES;
				CLANG_WARN_DEPRECATED_OBJC_IMPLEMENTATIONS = YES;
				CLANG_WARN_DIRECT_OBJC_ISA_USAGE = YES_ERROR;
				CLANG_WARN_DOCUMENTATION_COMMENTS = YES;
				CLANG_WARN_EMPTY_BODY = YES;
				CLANG_WARN_ENUM_CONVERSION = YES;
				CLANG_WARN_INFINITE_RECURSION = YES;
				CLANG_WARN_INT_CONVERSION = YES;
				CLANG_WARN_NON_LITERAL_NULL_CONVERSION = YES;
				CLANG_WARN_OBJC_IMPLICIT_RETAIN_SELF = YES;
				CLANG_WARN_OBJC_LITERAL_CONVERSION = YES;
				CLANG_WARN_OBJC_ROOT_CLASS = YES_ERROR;
				CLANG_WARN_QUOTED_INCLUDE_IN_FRAMEWORK_HEADER = YES;
				CLANG_WARN_RANGE_LOOP_ANALYSIS = YES;
				CLANG_WARN_STRICT_PROTOTYPES = YES;
				CLANG_WARN_SUSPICIOUS_MOVE = YES;
				CLANG_WARN_UNGUARDED_AVAILABILITY = YES_AGGRESSIVE;
				CLANG_WARN_UNREACHABLE_CODE = YES;
				CLANG_WARN__DUPLICATE_METHOD_MATCH = YES;
				COPY_PHASE_STRIP = NO;
				DEBUG_INFORMATION_FORMAT = "dwarf-with-dsym";
				ENABLE_NS_ASSERTIONS = NO;
				ENABLE_STRICT_OBJC_MSGSEND = YES;
				GCC_C_LANGUAGE_STANDARD = gnu11;
				GCC_NO_COMMON_BLOCKS = YES;
				GCC_WARN_64_TO_32_BIT_CONVERSION = YES;
				GCC_WARN_ABOUT_RETURN_TYPE = YES_ERROR;
				GCC_WARN_UNDECLARED_SELECTOR = YES;
				GCC_WARN_UNINITIALIZED_AUTOS = YES_AGGRESSIVE;
				GCC_WARN_UNUSED_FUNCTION = YES;
				GCC_WARN_UNUSED_VARIABLE = YES;
				MACOSX_DEPLOYMENT_TARGET = 10.15;
				MTL_ENABLE_DEBUG_INFO = NO;
				MTL_FAST_MATH = YES;
				SDKROOT = macosx;
				SWIFT_COMPILATION_MODE = wholemodule;
				SWIFT_OPTIMIZATION_LEVEL = "-O";
			};
			name = Release;
		};
		1EE4E21B24F97E250097C32C /* Debug */ = {
			isa = XCBuildConfiguration;
			baseConfigurationReference = 17C626664C821F312A6EBD7E /* Pods-whilom.debug.xcconfig */;
			buildSettings = {
				ASSETCATALOG_COMPILER_APPICON_NAME = AppIcon;
				CLANG_ENABLE_MODULES = YES;
				CODE_SIGN_ENTITLEMENTS = whilom/whilomDebug.entitlements;
				CODE_SIGN_IDENTITY = "Apple Development";
				CODE_SIGN_STYLE = Automatic;
				COMBINE_HIDPI_IMAGES = YES;
				CURRENT_PROJECT_VERSION = 1;
				DEVELOPMENT_TEAM = 24X8MVUSCN;
				ENABLE_HARDENED_RUNTIME = YES;
				INFOPLIST_FILE = whilom/Info.plist;
				LD_RUNPATH_SEARCH_PATHS = (
					"$(inherited)",
					"@executable_path/../Frameworks",
				);
				MARKETING_VERSION = 0.1.10;
				PRODUCT_BUNDLE_IDENTIFIER = com.insanj.whilom;
				PRODUCT_NAME = "$(TARGET_NAME)";
				PROVISIONING_PROFILE_SPECIFIER = "";
				SWIFT_OBJC_BRIDGING_HEADER = "whilom/whilom-Bridging-Header.h";
				SWIFT_OPTIMIZATION_LEVEL = "-Onone";
				SWIFT_VERSION = 5.0;
			};
			name = Debug;
		};
		1EE4E21C24F97E250097C32C /* Release */ = {
			isa = XCBuildConfiguration;
			baseConfigurationReference = CEC421078094E8700F43471C /* Pods-whilom.release.xcconfig */;
			buildSettings = {
				ASSETCATALOG_COMPILER_APPICON_NAME = AppIcon;
				CLANG_ENABLE_MODULES = YES;
				CODE_SIGN_ENTITLEMENTS = whilom/whilom.entitlements;
				CODE_SIGN_IDENTITY = "Apple Development";
				CODE_SIGN_STYLE = Automatic;
				COMBINE_HIDPI_IMAGES = YES;
				CURRENT_PROJECT_VERSION = 1;
				DEVELOPMENT_TEAM = 24X8MVUSCN;
				ENABLE_HARDENED_RUNTIME = YES;
				INFOPLIST_FILE = whilom/Info.plist;
				LD_RUNPATH_SEARCH_PATHS = (
					"$(inherited)",
					"@executable_path/../Frameworks",
				);
				MARKETING_VERSION = 0.1.10;
				PRODUCT_BUNDLE_IDENTIFIER = com.insanj.whilom;
				PRODUCT_NAME = "$(TARGET_NAME)";
				PROVISIONING_PROFILE_SPECIFIER = "";
				SWIFT_OBJC_BRIDGING_HEADER = "whilom/whilom-Bridging-Header.h";
				SWIFT_VERSION = 5.0;
			};
			name = Release;
		};
/* End XCBuildConfiguration section */

/* Begin XCConfigurationList section */
		1EE4E20524F97E240097C32C /* Build configuration list for PBXProject "whilom" */ = {
			isa = XCConfigurationList;
			buildConfigurations = (
				1EE4E21824F97E250097C32C /* Debug */,
				1EE4E21924F97E250097C32C /* Release */,
			);
			defaultConfigurationIsVisible = 0;
			defaultConfigurationName = Release;
		};
		1EE4E21A24F97E250097C32C /* Build configuration list for PBXNativeTarget "whilom" */ = {
			isa = XCConfigurationList;
			buildConfigurations = (
				1EE4E21B24F97E250097C32C /* Debug */,
				1EE4E21C24F97E250097C32C /* Release */,
			);
			defaultConfigurationIsVisible = 0;
			defaultConfigurationName = Release;
		};
/* End XCConfigurationList section */
	};
	rootObject = 1EE4E20224F97E240097C32C /* Project object */;
}
